
Microsoft Visual Studio Solution File, Format Version 12.00
# Visual Studio Version 17
VisualStudioVersion = 17.13.35913.81 d17.13
MinimumVisualStudioVersion = 10.0.40219.1
Project("{8BC9CEB8-8B4A-11D0-8D11-00A0C91BC942}") = "chapter2", "chapter2\chapter2.vcxproj", "{B7284426-962C-4A53-8B83-03452D4AA69C}"
EndProject
Global
	GlobalSection(SolutionConfigurationPlatforms) = preSolution
		Debug|x64 = Debug|x64
		Debug|x86 = Debug|x86
		Release|x64 = Release|x64
		Release|x86 = Release|x86
	EndGlobalSection
	GlobalSection(ProjectConfigurationPlatforms) = postSolution
		{B7284426-962C-4A53-8B83-03452D4AA69C}.Debug|x64.ActiveCfg = Debug|x64
		{B7284426-962C-4A53-8B83-03452D4AA69C}.Debug|x64.Build.0 = Debug|x64
		{B7284426-962C-4A53-8B83-03452D4AA69C}.Debug|x86.ActiveCfg = Debug|Win32
		{B7284426-962C-4A53-8B83-03452D4AA69C}.Debug|x86.Build.0 = Debug|Win32
		{B7284426-962C-4A53-8B83-03452D4AA69C}.Release|x64.ActiveCfg = Release|x64
		{B7284426-962C-4A53-8B83-03452D4AA69C}.Release|x64.Build.0 = Release|x64
		{B7284426-962C-4A53-8B83-03452D4AA69C}.Release|x86.ActiveCfg = Release|Win32
		{B7284426-962C-4A53-8B83-03452D4AA69C}.Release|x86.Build.0 = Release|Win32
	EndGlobalSection
	GlobalSection(SolutionProperties) = preSolution
		HideSolutionNode = FALSE
	EndGlobalSection
	GlobalSection(ExtensibilityGlobals) = postSolution
		SolutionGuid = {66BBA1D9-63E4-48C7-AB45-02BF54632FD6}
	EndGlobalSection
EndGlobal
